
Microsoft Visual Studio Solution File, Format Version 12.00
# Visual Studio Version 17
VisualStudioVersion = 17.8.34330.188
MinimumVisualStudioVersion = 10.0.40219.1
Project("{FAE04EC0-301F-11D3-BF4B-00C04F79EFBC}") = "ConsoleSnakeGame", "ConsoleSnakeGame.csproj", "{2DE1E002-3032-4FA3-8711-632BA79DFECE}"
EndProject
Global
	GlobalSection(SolutionConfigurationPlatforms) = preSolution
		Debug|Any CPU = Debug|Any CPU
		Release|Any CPU = Release|Any CPU
	EndGlobalSection
	GlobalSection(ProjectConfigurationPlatforms) = postSolution
		{2DE1E002-3032-4FA3-8711-632BA79DFECE}.Debug|Any CPU.ActiveCfg = Debug|Any CPU
		{2DE1E002-3032-4FA3-8711-632BA79DFECE}.Debug|Any CPU.Build.0 = Debug|Any CPU
		{2DE1E002-3032-4FA3-8711-632BA79DFECE}.Release|Any CPU.ActiveCfg = Release|Any CPU
		{2DE1E002-3032-4FA3-8711-632BA79DFECE}.Release|Any CPU.Build.0 = Release|Any CPU
	EndGlobalSection
	GlobalSection(SolutionProperties) = preSolution
		HideSolutionNode = FALSE
	EndGlobalSection
	GlobalSection(ExtensibilityGlobals) = postSolution
		SolutionGuid = {42328C98-D9EA-4E22-B1DD-3AE59B78A536}
	EndGlobalSection
EndGlobal
